// !$*UTF8*$!
{
	archiveVersion = 1;
	classes = {
	};
	objectVersion = 56;
	objects = {

/* Begin PBXBuildFile section */
		522A16D52AE509FB0009B0B1 /* NewButton.swift in Sources */ = {isa = PBXBuildFile; fileRef = 522A16D42AE509FB0009B0B1 /* NewButton.swift */; };
		522A16D72AE528BF0009B0B1 /* wallPaperAnimation.json in Resources */ = {isa = PBXBuildFile; fileRef = 522A16D62AE528BF0009B0B1 /* wallPaperAnimation.json */; };
		522A16D92AE52ECA0009B0B1 /* cafe.json in Resources */ = {isa = PBXBuildFile; fileRef = 522A16D82AE52ECA0009B0B1 /* cafe.json */; };
		522A16DB2AE52F3A0009B0B1 /* loading_01.json in Resources */ = {isa = PBXBuildFile; fileRef = 522A16DA2AE52F3A0009B0B1 /* loading_01.json */; };
		5269FD952AE250BB00E1DFCC /* AppDelegate.swift in Sources */ = {isa = PBXBuildFile; fileRef = 5269FD942AE250BB00E1DFCC /* AppDelegate.swift */; };
		5269FD972AE250BB00E1DFCC /* SceneDelegate.swift in Sources */ = {isa = PBXBuildFile; fileRef = 5269FD962AE250BB00E1DFCC /* SceneDelegate.swift */; };
		5269FD992AE250BB00E1DFCC /* ViewController.swift in Sources */ = {isa = PBXBuildFile; fileRef = 5269FD982AE250BB00E1DFCC /* ViewController.swift */; };
		5269FD9C2AE250BB00E1DFCC /* Main.storyboard in Resources */ = {isa = PBXBuildFile; fileRef = 5269FD9A2AE250BB00E1DFCC /* Main.storyboard */; };
		5269FD9E2AE250BC00E1DFCC /* Assets.xcassets in Resources */ = {isa = PBXBuildFile; fileRef = 5269FD9D2AE250BC00E1DFCC /* Assets.xcassets */; };
		5269FDA12AE250BC00E1DFCC /* LaunchScreen.storyboard in Resources */ = {isa = PBXBuildFile; fileRef = 5269FD9F2AE250BC00E1DFCC /* LaunchScreen.storyboard */; };
		5269FDAC2AE250BD00E1DFCC /* randestaurantTests.swift in Sources */ = {isa = PBXBuildFile; fileRef = 5269FDAB2AE250BD00E1DFCC /* randestaurantTests.swift */; };
		5269FDB62AE250BD00E1DFCC /* randestaurantUITests.swift in Sources */ = {isa = PBXBuildFile; fileRef = 5269FDB52AE250BD00E1DFCC /* randestaurantUITests.swift */; };
		5269FDB82AE250BD00E1DFCC /* randestaurantUITestsLaunchTests.swift in Sources */ = {isa = PBXBuildFile; fileRef = 5269FDB72AE250BD00E1DFCC /* randestaurantUITestsLaunchTests.swift */; };
		5276D2E72B0C424300DD9FEC /* Accelerate.framework in Frameworks */ = {isa = PBXBuildFile; fileRef = 5276D2E62B0C424300DD9FEC /* Accelerate.framework */; };
		5276D2E92B0C425300DD9FEC /* CoreData.framework in Frameworks */ = {isa = PBXBuildFile; fileRef = 5276D2E82B0C425300DD9FEC /* CoreData.framework */; };
		5276D2EB2B0C425E00DD9FEC /* CoreGraphics.framework in Frameworks */ = {isa = PBXBuildFile; fileRef = 5276D2EA2B0C425E00DD9FEC /* CoreGraphics.framework */; };
		5276D2ED2B0C426700DD9FEC /* CoreImage.framework in Frameworks */ = {isa = PBXBuildFile; fileRef = 5276D2EC2B0C426700DD9FEC /* CoreImage.framework */; };
		5276D2EF2B0C427E00DD9FEC /* CoreLocation.framework in Frameworks */ = {isa = PBXBuildFile; fileRef = 5276D2EE2B0C427E00DD9FEC /* CoreLocation.framework */; };
		5276D2F12B0C428600DD9FEC /* CoreTelephony.framework in Frameworks */ = {isa = PBXBuildFile; fileRef = 5276D2F02B0C428600DD9FEC /* CoreTelephony.framework */; };
		5276D2F32B0C429200DD9FEC /* CoreText.framework in Frameworks */ = {isa = PBXBuildFile; fileRef = 5276D2F22B0C429200DD9FEC /* CoreText.framework */; };
		5276D2F52B0C429A00DD9FEC /* GLKit.framework in Frameworks */ = {isa = PBXBuildFile; fileRef = 5276D2F42B0C429A00DD9FEC /* GLKit.framework */; };
		5276D2F72B0C42A200DD9FEC /* ImageIO.framework in Frameworks */ = {isa = PBXBuildFile; fileRef = 5276D2F62B0C42A200DD9FEC /* ImageIO.framework */; };
		5276D2F92B0C42AB00DD9FEC /* libc++.tbd in Frameworks */ = {isa = PBXBuildFile; fileRef = 5276D2F82B0C42AB00DD9FEC /* libc++.tbd */; };
		5276D2FB2B0C42B500DD9FEC /* libz.tbd in Frameworks */ = {isa = PBXBuildFile; fileRef = 5276D2FA2B0C42B500DD9FEC /* libz.tbd */; };
		5276D2FD2B0C42BD00DD9FEC /* Metal.framework in Frameworks */ = {isa = PBXBuildFile; fileRef = 5276D2FC2B0C42BD00DD9FEC /* Metal.framework */; };
		5276D2FF2B0C42C400DD9FEC /* OpenGLES.framework in Frameworks */ = {isa = PBXBuildFile; fileRef = 5276D2FE2B0C42C400DD9FEC /* OpenGLES.framework */; };
		5276D3012B0C42D000DD9FEC /* QuartzCore.framework in Frameworks */ = {isa = PBXBuildFile; fileRef = 5276D3002B0C42D000DD9FEC /* QuartzCore.framework */; };
		5276D3032B0C42D800DD9FEC /* SystemConfiguration.framework in Frameworks */ = {isa = PBXBuildFile; fileRef = 5276D3022B0C42D800DD9FEC /* SystemConfiguration.framework */; };
		5276D3052B0C42E100DD9FEC /* UIKit.framework in Frameworks */ = {isa = PBXBuildFile; fileRef = 5276D3042B0C42E100DD9FEC /* UIKit.framework */; };
		5276D3072B0C49D800DD9FEC /* GooglePlaces.xcframework in Frameworks */ = {isa = PBXBuildFile; fileRef = 5276D3062B0C49D800DD9FEC /* GooglePlaces.xcframework */; };
		5276D3082B0C49D800DD9FEC /* GooglePlaces.xcframework in Embed Frameworks */ = {isa = PBXBuildFile; fileRef = 5276D3062B0C49D800DD9FEC /* GooglePlaces.xcframework */; settings = {ATTRIBUTES = (CodeSignOnCopy, RemoveHeadersOnCopy, ); }; };
		5276D30B2B0C49E900DD9FEC /* GooglePlaces.bundle in Resources */ = {isa = PBXBuildFile; fileRef = 5276D30A2B0C49E900DD9FEC /* GooglePlaces.bundle */; };
		528217C12B10E5F0004249A3 /* ImageSlideshowView.swift in Sources */ = {isa = PBXBuildFile; fileRef = 528217C02B10E5F0004249A3 /* ImageSlideshowView.swift */; };
		52B0731E2AE2A89100273C2E /* ShopTableViewCell.swift in Sources */ = {isa = PBXBuildFile; fileRef = 52B0731C2AE2A89100273C2E /* ShopTableViewCell.swift */; };
		52B0731F2AE2A89100273C2E /* ShopTableViewCell.xib in Resources */ = {isa = PBXBuildFile; fileRef = 52B0731D2AE2A89100273C2E /* ShopTableViewCell.xib */; };
		52B073222AE2C02500273C2E /* Lottie in Frameworks */ = {isa = PBXBuildFile; productRef = 52B073212AE2C02500273C2E /* Lottie */; };
		52B073242AE2CB9600273C2E /* animation_01.json in Resources */ = {isa = PBXBuildFile; fileRef = 52B073232AE2CB9600273C2E /* animation_01.json */; };
		52B073262AE2CC9900273C2E /* food_01.json in Resources */ = {isa = PBXBuildFile; fileRef = 52B073252AE2CC9900273C2E /* food_01.json */; };
		52E275302AE549B60022C986 /* waiting_01.json in Resources */ = {isa = PBXBuildFile; fileRef = 52E2752F2AE549B60022C986 /* waiting_01.json */; };
		52FDC0542B3578F200DF8CFA /* GoogleNavigation.xcframework in Frameworks */ = {isa = PBXBuildFile; fileRef = 52FDC0532B3578F200DF8CFA /* GoogleNavigation.xcframework */; };
		52FDC0552B3578F200DF8CFA /* GoogleNavigation.xcframework in Embed Frameworks */ = {isa = PBXBuildFile; fileRef = 52FDC0532B3578F200DF8CFA /* GoogleNavigation.xcframework */; settings = {ATTRIBUTES = (CodeSignOnCopy, RemoveHeadersOnCopy, ); }; };
		52FDC0572B35793E00DF8CFA /* GoogleNavigation.bundle in Resources */ = {isa = PBXBuildFile; fileRef = 52FDC0562B35793E00DF8CFA /* GoogleNavigation.bundle */; };
		52FDC0592B35798300DF8CFA /* AudioToolbox.framework in Frameworks */ = {isa = PBXBuildFile; fileRef = 52FDC0582B35798200DF8CFA /* AudioToolbox.framework */; };
		52FDC05B2B35798D00DF8CFA /* AVFoundation.framework in Frameworks */ = {isa = PBXBuildFile; fileRef = 52FDC05A2B35798D00DF8CFA /* AVFoundation.framework */; };
		52FDC05D2B3579B000DF8CFA /* libxml2.tbd in Frameworks */ = {isa = PBXBuildFile; fileRef = 52FDC05C2B3579B000DF8CFA /* libxml2.tbd */; };
		52FDC05F2B3579D700DF8CFA /* Security.framework in Frameworks */ = {isa = PBXBuildFile; fileRef = 52FDC05E2B3579D700DF8CFA /* Security.framework */; };
		52FDC0612B3579F300DF8CFA /* UserNotifications.framework in Frameworks */ = {isa = PBXBuildFile; fileRef = 52FDC0602B3579F300DF8CFA /* UserNotifications.framework */; };
		52FDC0632B357A0400DF8CFA /* WebKit.framework in Frameworks */ = {isa = PBXBuildFile; fileRef = 52FDC0622B357A0400DF8CFA /* WebKit.framework */; };
		52FDC0652B359C3300DF8CFA /* GoogleMaps.xcframework in Frameworks */ = {isa = PBXBuildFile; fileRef = 52FDC0642B359C3300DF8CFA /* GoogleMaps.xcframework */; };
		52FDC0662B359C3300DF8CFA /* GoogleMaps.xcframework in Embed Frameworks */ = {isa = PBXBuildFile; fileRef = 52FDC0642B359C3300DF8CFA /* GoogleMaps.xcframework */; settings = {ATTRIBUTES = (CodeSignOnCopy, RemoveHeadersOnCopy, ); }; };
		52FDC0682B359C3B00DF8CFA /* GoogleMapsBase.xcframework in Frameworks */ = {isa = PBXBuildFile; fileRef = 52FDC0672B359C3A00DF8CFA /* GoogleMapsBase.xcframework */; };
		52FDC0692B359C3B00DF8CFA /* GoogleMapsBase.xcframework in Embed Frameworks */ = {isa = PBXBuildFile; fileRef = 52FDC0672B359C3A00DF8CFA /* GoogleMapsBase.xcframework */; settings = {ATTRIBUTES = (CodeSignOnCopy, RemoveHeadersOnCopy, ); }; };
		52FDC06B2B359C4100DF8CFA /* GoogleMapsCore.xcframework in Frameworks */ = {isa = PBXBuildFile; fileRef = 52FDC06A2B359C4100DF8CFA /* GoogleMapsCore.xcframework */; };
		52FDC06C2B359C4100DF8CFA /* GoogleMapsCore.xcframework in Embed Frameworks */ = {isa = PBXBuildFile; fileRef = 52FDC06A2B359C4100DF8CFA /* GoogleMapsCore.xcframework */; settings = {ATTRIBUTES = (CodeSignOnCopy, RemoveHeadersOnCopy, ); }; };
		52FDC06E2B359C6400DF8CFA /* GoogleMaps.bundle in Resources */ = {isa = PBXBuildFile; fileRef = 52FDC06D2B359C6400DF8CFA /* GoogleMaps.bundle */; };
/* End PBXBuildFile section */

/* Begin PBXContainerItemProxy section */
		5269FDA82AE250BD00E1DFCC /* PBXContainerItemProxy */ = {
			isa = PBXContainerItemProxy;
			containerPortal = 5269FD892AE250BA00E1DFCC /* Project object */;
			proxyType = 1;
			remoteGlobalIDString = 5269FD902AE250BB00E1DFCC;
			remoteInfo = randestaurant;
		};
		5269FDB22AE250BD00E1DFCC /* PBXContainerItemProxy */ = {
			isa = PBXContainerItemProxy;
			containerPortal = 5269FD892AE250BA00E1DFCC /* Project object */;
			proxyType = 1;
			remoteGlobalIDString = 5269FD902AE250BB00E1DFCC;
			remoteInfo = randestaurant;
		};
/* End PBXContainerItemProxy section */

/* Begin PBXCopyFilesBuildPhase section */
		5276D3092B0C49D800DD9FEC /* Embed Frameworks */ = {
			isa = PBXCopyFilesBuildPhase;
			buildActionMask = 2147483647;
			dstPath = "";
			dstSubfolderSpec = 10;
			files = (
				52FDC0662B359C3300DF8CFA /* GoogleMaps.xcframework in Embed Frameworks */,
				52FDC0552B3578F200DF8CFA /* GoogleNavigation.xcframework in Embed Frameworks */,
				52FDC06C2B359C4100DF8CFA /* GoogleMapsCore.xcframework in Embed Frameworks */,
				52FDC0692B359C3B00DF8CFA /* GoogleMapsBase.xcframework in Embed Frameworks */,
				5276D3082B0C49D800DD9FEC /* GooglePlaces.xcframework in Embed Frameworks */,
			);
			name = "Embed Frameworks";
			runOnlyForDeploymentPostprocessing = 0;
		};
/* End PBXCopyFilesBuildPhase section */

/* Begin PBXFileReference section */
		522A16D42AE509FB0009B0B1 /* NewButton.swift */ = {isa = PBXFileReference; lastKnownFileType = sourcecode.swift; path = NewButton.swift; sourceTree = "<group>"; };
		522A16D62AE528BF0009B0B1 /* wallPaperAnimation.json */ = {isa = PBXFileReference; fileEncoding = 4; lastKnownFileType = text.json; path = wallPaperAnimation.json; sourceTree = "<group>"; };
		522A16D82AE52ECA0009B0B1 /* cafe.json */ = {isa = PBXFileReference; fileEncoding = 4; lastKnownFileType = text.json; path = cafe.json; sourceTree = "<group>"; };
		522A16DA2AE52F3A0009B0B1 /* loading_01.json */ = {isa = PBXFileReference; fileEncoding = 4; lastKnownFileType = text.json; path = loading_01.json; sourceTree = "<group>"; };
		5269FD912AE250BB00E1DFCC /* randestaurant.app */ = {isa = PBXFileReference; explicitFileType = wrapper.application; includeInIndex = 0; path = randestaurant.app; sourceTree = BUILT_PRODUCTS_DIR; };
		5269FD942AE250BB00E1DFCC /* AppDelegate.swift */ = {isa = PBXFileReference; lastKnownFileType = sourcecode.swift; path = AppDelegate.swift; sourceTree = "<group>"; };
		5269FD962AE250BB00E1DFCC /* SceneDelegate.swift */ = {isa = PBXFileReference; lastKnownFileType = sourcecode.swift; path = SceneDelegate.swift; sourceTree = "<group>"; };
		5269FD982AE250BB00E1DFCC /* ViewController.swift */ = {isa = PBXFileReference; lastKnownFileType = sourcecode.swift; path = ViewController.swift; sourceTree = "<group>"; };
		5269FD9B2AE250BB00E1DFCC /* Base */ = {isa = PBXFileReference; lastKnownFileType = file.storyboard; name = Base; path = Base.lproj/Main.storyboard; sourceTree = "<group>"; };
		5269FD9D2AE250BC00E1DFCC /* Assets.xcassets */ = {isa = PBXFileReference; lastKnownFileType = folder.assetcatalog; path = Assets.xcassets; sourceTree = "<group>"; };
		5269FDA02AE250BC00E1DFCC /* Base */ = {isa = PBXFileReference; lastKnownFileType = file.storyboard; name = Base; path = Base.lproj/LaunchScreen.storyboard; sourceTree = "<group>"; };
		5269FDA22AE250BC00E1DFCC /* Info.plist */ = {isa = PBXFileReference; lastKnownFileType = text.plist.xml; path = Info.plist; sourceTree = "<group>"; };
		5269FDA72AE250BD00E1DFCC /* randestaurantTests.xctest */ = {isa = PBXFileReference; explicitFileType = wrapper.cfbundle; includeInIndex = 0; path = randestaurantTests.xctest; sourceTree = BUILT_PRODUCTS_DIR; };
		5269FDAB2AE250BD00E1DFCC /* randestaurantTests.swift */ = {isa = PBXFileReference; lastKnownFileType = sourcecode.swift; path = randestaurantTests.swift; sourceTree = "<group>"; };
		5269FDB12AE250BD00E1DFCC /* randestaurantUITests.xctest */ = {isa = PBXFileReference; explicitFileType = wrapper.cfbundle; includeInIndex = 0; path = randestaurantUITests.xctest; sourceTree = BUILT_PRODUCTS_DIR; };
		5269FDB52AE250BD00E1DFCC /* randestaurantUITests.swift */ = {isa = PBXFileReference; lastKnownFileType = sourcecode.swift; path = randestaurantUITests.swift; sourceTree = "<group>"; };
		5269FDB72AE250BD00E1DFCC /* randestaurantUITestsLaunchTests.swift */ = {isa = PBXFileReference; lastKnownFileType = sourcecode.swift; path = randestaurantUITestsLaunchTests.swift; sourceTree = "<group>"; };
		5276D2DA2B0C401400DD9FEC /* GoogleMapsCore.xcframework */ = {isa = PBXFileReference; lastKnownFileType = wrapper.xcframework; name = GoogleMapsCore.xcframework; path = MapsSDKForiOS/GoogleMapsCore.xcframework; sourceTree = "<group>"; };
		5276D2DB2B0C401400DD9FEC /* GoogleMaps.xcframework */ = {isa = PBXFileReference; lastKnownFileType = wrapper.xcframework; name = GoogleMaps.xcframework; path = MapsSDKForiOS/GoogleMaps.xcframework; sourceTree = "<group>"; };
		5276D2DC2B0C401400DD9FEC /* GoogleMapsBase.xcframework */ = {isa = PBXFileReference; lastKnownFileType = wrapper.xcframework; name = GoogleMapsBase.xcframework; path = MapsSDKForiOS/GoogleMapsBase.xcframework; sourceTree = "<group>"; };
		5276D2E62B0C424300DD9FEC /* Accelerate.framework */ = {isa = PBXFileReference; lastKnownFileType = wrapper.framework; name = Accelerate.framework; path = System/Library/Frameworks/Accelerate.framework; sourceTree = SDKROOT; };
		5276D2E82B0C425300DD9FEC /* CoreData.framework */ = {isa = PBXFileReference; lastKnownFileType = wrapper.framework; name = CoreData.framework; path = System/Library/Frameworks/CoreData.framework; sourceTree = SDKROOT; };
		5276D2EA2B0C425E00DD9FEC /* CoreGraphics.framework */ = {isa = PBXFileReference; lastKnownFileType = wrapper.framework; name = CoreGraphics.framework; path = System/Library/Frameworks/CoreGraphics.framework; sourceTree = SDKROOT; };
		5276D2EC2B0C426700DD9FEC /* CoreImage.framework */ = {isa = PBXFileReference; lastKnownFileType = wrapper.framework; name = CoreImage.framework; path = System/Library/Frameworks/CoreImage.framework; sourceTree = SDKROOT; };
		5276D2EE2B0C427E00DD9FEC /* CoreLocation.framework */ = {isa = PBXFileReference; lastKnownFileType = wrapper.framework; name = CoreLocation.framework; path = System/Library/Frameworks/CoreLocation.framework; sourceTree = SDKROOT; };
		5276D2F02B0C428600DD9FEC /* CoreTelephony.framework */ = {isa = PBXFileReference; lastKnownFileType = wrapper.framework; name = CoreTelephony.framework; path = System/Library/Frameworks/CoreTelephony.framework; sourceTree = SDKROOT; };
		5276D2F22B0C429200DD9FEC /* CoreText.framework */ = {isa = PBXFileReference; lastKnownFileType = wrapper.framework; name = CoreText.framework; path = System/Library/Frameworks/CoreText.framework; sourceTree = SDKROOT; };
		5276D2F42B0C429A00DD9FEC /* GLKit.framework */ = {isa = PBXFileReference; lastKnownFileType = wrapper.framework; name = GLKit.framework; path = System/Library/Frameworks/GLKit.framework; sourceTree = SDKROOT; };
		5276D2F62B0C42A200DD9FEC /* ImageIO.framework */ = {isa = PBXFileReference; lastKnownFileType = wrapper.framework; name = ImageIO.framework; path = System/Library/Frameworks/ImageIO.framework; sourceTree = SDKROOT; };
		5276D2F82B0C42AB00DD9FEC /* libc++.tbd */ = {isa = PBXFileReference; lastKnownFileType = "sourcecode.text-based-dylib-definition"; name = "libc++.tbd"; path = "usr/lib/libc++.tbd"; sourceTree = SDKROOT; };
		5276D2FA2B0C42B500DD9FEC /* libz.tbd */ = {isa = PBXFileReference; lastKnownFileType = "sourcecode.text-based-dylib-definition"; name = libz.tbd; path = usr/lib/libz.tbd; sourceTree = SDKROOT; };
		5276D2FC2B0C42BD00DD9FEC /* Metal.framework */ = {isa = PBXFileReference; lastKnownFileType = wrapper.framework; name = Metal.framework; path = System/Library/Frameworks/Metal.framework; sourceTree = SDKROOT; };
		5276D2FE2B0C42C400DD9FEC /* OpenGLES.framework */ = {isa = PBXFileReference; lastKnownFileType = wrapper.framework; name = OpenGLES.framework; path = System/Library/Frameworks/OpenGLES.framework; sourceTree = SDKROOT; };
		5276D3002B0C42D000DD9FEC /* QuartzCore.framework */ = {isa = PBXFileReference; lastKnownFileType = wrapper.framework; name = QuartzCore.framework; path = System/Library/Frameworks/QuartzCore.framework; sourceTree = SDKROOT; };
		5276D3022B0C42D800DD9FEC /* SystemConfiguration.framework */ = {isa = PBXFileReference; lastKnownFileType = wrapper.framework; name = SystemConfiguration.framework; path = System/Library/Frameworks/SystemConfiguration.framework; sourceTree = SDKROOT; };
		5276D3042B0C42E100DD9FEC /* UIKit.framework */ = {isa = PBXFileReference; lastKnownFileType = wrapper.framework; name = UIKit.framework; path = System/Library/Frameworks/UIKit.framework; sourceTree = SDKROOT; };
		5276D3062B0C49D800DD9FEC /* GooglePlaces.xcframework */ = {isa = PBXFileReference; lastKnownFileType = wrapper.xcframework; name = GooglePlaces.xcframework; path = PlacesSDKForiOS/GooglePlaces.xcframework; sourceTree = "<group>"; };
		5276D30A2B0C49E900DD9FEC /* GooglePlaces.bundle */ = {isa = PBXFileReference; lastKnownFileType = "wrapper.plug-in"; name = GooglePlaces.bundle; path = PlacesSDKForiOS/GooglePlacesResources/GooglePlaces.bundle; sourceTree = "<group>"; };
		528217C02B10E5F0004249A3 /* ImageSlideshowView.swift */ = {isa = PBXFileReference; lastKnownFileType = sourcecode.swift; path = ImageSlideshowView.swift; sourceTree = "<group>"; };
		52B0731C2AE2A89100273C2E /* ShopTableViewCell.swift */ = {isa = PBXFileReference; lastKnownFileType = sourcecode.swift; path = ShopTableViewCell.swift; sourceTree = "<group>"; };
		52B0731D2AE2A89100273C2E /* ShopTableViewCell.xib */ = {isa = PBXFileReference; lastKnownFileType = file.xib; path = ShopTableViewCell.xib; sourceTree = "<group>"; };
		52B073232AE2CB9600273C2E /* animation_01.json */ = {isa = PBXFileReference; fileEncoding = 4; lastKnownFileType = text.json; path = animation_01.json; sourceTree = "<group>"; };
		52B073252AE2CC9900273C2E /* food_01.json */ = {isa = PBXFileReference; fileEncoding = 4; lastKnownFileType = text.json; path = food_01.json; sourceTree = "<group>"; };
		52E2752F2AE549B60022C986 /* waiting_01.json */ = {isa = PBXFileReference; fileEncoding = 4; lastKnownFileType = text.json; path = waiting_01.json; sourceTree = "<group>"; };
		52FDC0532B3578F200DF8CFA /* GoogleNavigation.xcframework */ = {isa = PBXFileReference; lastKnownFileType = wrapper.xcframework; name = GoogleNavigation.xcframework; path = ../randestaurant_navigation/GoogleNavigation.xcframework; sourceTree = "<group>"; };
		52FDC0562B35793E00DF8CFA /* GoogleNavigation.bundle */ = {isa = PBXFileReference; lastKnownFileType = "wrapper.plug-in"; path = GoogleNavigation.bundle; sourceTree = "<group>"; };
		52FDC0582B35798200DF8CFA /* AudioToolbox.framework */ = {isa = PBXFileReference; lastKnownFileType = wrapper.framework; name = AudioToolbox.framework; path = System/Library/Frameworks/AudioToolbox.framework; sourceTree = SDKROOT; };
		52FDC05A2B35798D00DF8CFA /* AVFoundation.framework */ = {isa = PBXFileReference; lastKnownFileType = wrapper.framework; name = AVFoundation.framework; path = System/Library/Frameworks/AVFoundation.framework; sourceTree = SDKROOT; };
		52FDC05C2B3579B000DF8CFA /* libxml2.tbd */ = {isa = PBXFileReference; lastKnownFileType = "sourcecode.text-based-dylib-definition"; name = libxml2.tbd; path = usr/lib/libxml2.tbd; sourceTree = SDKROOT; };
		52FDC05E2B3579D700DF8CFA /* Security.framework */ = {isa = PBXFileReference; lastKnownFileType = wrapper.framework; name = Security.framework; path = System/Library/Frameworks/Security.framework; sourceTree = SDKROOT; };
		52FDC0602B3579F300DF8CFA /* UserNotifications.framework */ = {isa = PBXFileReference; lastKnownFileType = wrapper.framework; name = UserNotifications.framework; path = System/Library/Frameworks/UserNotifications.framework; sourceTree = SDKROOT; };
		52FDC0622B357A0400DF8CFA /* WebKit.framework */ = {isa = PBXFileReference; lastKnownFileType = wrapper.framework; name = WebKit.framework; path = System/Library/Frameworks/WebKit.framework; sourceTree = SDKROOT; };
		52FDC0642B359C3300DF8CFA /* GoogleMaps.xcframework */ = {isa = PBXFileReference; lastKnownFileType = wrapper.xcframework; name = GoogleMaps.xcframework; path = ../randestaurant_navigation/GoogleMaps.xcframework; sourceTree = "<group>"; };
		52FDC0672B359C3A00DF8CFA /* GoogleMapsBase.xcframework */ = {isa = PBXFileReference; lastKnownFileType = wrapper.xcframework; name = GoogleMapsBase.xcframework; path = ../randestaurant_navigation/GoogleMapsBase.xcframework; sourceTree = "<group>"; };
		52FDC06A2B359C4100DF8CFA /* GoogleMapsCore.xcframework */ = {isa = PBXFileReference; lastKnownFileType = wrapper.xcframework; name = GoogleMapsCore.xcframework; path = ../randestaurant_navigation/GoogleMapsCore.xcframework; sourceTree = "<group>"; };
		52FDC06D2B359C6400DF8CFA /* GoogleMaps.bundle */ = {isa = PBXFileReference; lastKnownFileType = "wrapper.plug-in"; path = GoogleMaps.bundle; sourceTree = "<group>"; };
/* End PBXFileReference section */

/* Begin PBXFrameworksBuildPhase section */
		5269FD8E2AE250BB00E1DFCC /* Frameworks */ = {
			isa = PBXFrameworksBuildPhase;
			buildActionMask = 2147483647;
			files = (
				52FDC0632B357A0400DF8CFA /* WebKit.framework in Frameworks */,
				52FDC0612B3579F300DF8CFA /* UserNotifications.framework in Frameworks */,
				52FDC05F2B3579D700DF8CFA /* Security.framework in Frameworks */,
				52FDC05D2B3579B000DF8CFA /* libxml2.tbd in Frameworks */,
				52FDC06B2B359C4100DF8CFA /* GoogleMapsCore.xcframework in Frameworks */,
				52FDC0682B359C3B00DF8CFA /* GoogleMapsBase.xcframework in Frameworks */,
				52FDC05B2B35798D00DF8CFA /* AVFoundation.framework in Frameworks */,
				52FDC0652B359C3300DF8CFA /* GoogleMaps.xcframework in Frameworks */,
				52FDC0592B35798300DF8CFA /* AudioToolbox.framework in Frameworks */,
				5276D3052B0C42E100DD9FEC /* UIKit.framework in Frameworks */,
				5276D3032B0C42D800DD9FEC /* SystemConfiguration.framework in Frameworks */,
				5276D3012B0C42D000DD9FEC /* QuartzCore.framework in Frameworks */,
				5276D2FF2B0C42C400DD9FEC /* OpenGLES.framework in Frameworks */,
				5276D2FD2B0C42BD00DD9FEC /* Metal.framework in Frameworks */,
				5276D2FB2B0C42B500DD9FEC /* libz.tbd in Frameworks */,
				52FDC0542B3578F200DF8CFA /* GoogleNavigation.xcframework in Frameworks */,
				5276D2F92B0C42AB00DD9FEC /* libc++.tbd in Frameworks */,
				5276D2F72B0C42A200DD9FEC /* ImageIO.framework in Frameworks */,
				5276D2F52B0C429A00DD9FEC /* GLKit.framework in Frameworks */,
				5276D2F32B0C429200DD9FEC /* CoreText.framework in Frameworks */,
				5276D2F12B0C428600DD9FEC /* CoreTelephony.framework in Frameworks */,
				5276D2EF2B0C427E00DD9FEC /* CoreLocation.framework in Frameworks */,
				5276D2ED2B0C426700DD9FEC /* CoreImage.framework in Frameworks */,
				5276D2EB2B0C425E00DD9FEC /* CoreGraphics.framework in Frameworks */,
				5276D2E92B0C425300DD9FEC /* CoreData.framework in Frameworks */,
				5276D2E72B0C424300DD9FEC /* Accelerate.framework in Frameworks */,
				5276D3072B0C49D800DD9FEC /* GooglePlaces.xcframework in Frameworks */,
				52B073222AE2C02500273C2E /* Lottie in Frameworks */,
			);
			runOnlyForDeploymentPostprocessing = 0;
		};
		5269FDA42AE250BD00E1DFCC /* Frameworks */ = {
			isa = PBXFrameworksBuildPhase;
			buildActionMask = 2147483647;
			files = (
			);
			runOnlyForDeploymentPostprocessing = 0;
		};
		5269FDAE2AE250BD00E1DFCC /* Frameworks */ = {
			isa = PBXFrameworksBuildPhase;
			buildActionMask = 2147483647;
			files = (
			);
			runOnlyForDeploymentPostprocessing = 0;
		};
/* End PBXFrameworksBuildPhase section */

/* Begin PBXGroup section */
		5269FD882AE250BA00E1DFCC = {
			isa = PBXGroup;
			children = (
				52FDC06D2B359C6400DF8CFA /* GoogleMaps.bundle */,
				52FDC0562B35793E00DF8CFA /* GoogleNavigation.bundle */,
				5276D30A2B0C49E900DD9FEC /* GooglePlaces.bundle */,
				5269FD932AE250BB00E1DFCC /* randestaurant */,
				5269FDAA2AE250BD00E1DFCC /* randestaurantTests */,
				5269FDB42AE250BD00E1DFCC /* randestaurantUITests */,
				5269FD922AE250BB00E1DFCC /* Products */,
				5269FDC42AE25BFF00E1DFCC /* Frameworks */,
			);
			sourceTree = "<group>";
		};
		5269FD922AE250BB00E1DFCC /* Products */ = {
			isa = PBXGroup;
			children = (
				5269FD912AE250BB00E1DFCC /* randestaurant.app */,
				5269FDA72AE250BD00E1DFCC /* randestaurantTests.xctest */,
				5269FDB12AE250BD00E1DFCC /* randestaurantUITests.xctest */,
			);
			name = Products;
			sourceTree = "<group>";
		};
		5269FD932AE250BB00E1DFCC /* randestaurant */ = {
			isa = PBXGroup;
			children = (
				5269FD942AE250BB00E1DFCC /* AppDelegate.swift */,
				5269FD962AE250BB00E1DFCC /* SceneDelegate.swift */,
				5269FD982AE250BB00E1DFCC /* ViewController.swift */,
				5269FD9A2AE250BB00E1DFCC /* Main.storyboard */,
				5269FD9D2AE250BC00E1DFCC /* Assets.xcassets */,
				5269FD9F2AE250BC00E1DFCC /* LaunchScreen.storyboard */,
				52B073272AE2CCA400273C2E /* LottieAnimation */,
				5269FDA22AE250BC00E1DFCC /* Info.plist */,
				52B0731C2AE2A89100273C2E /* ShopTableViewCell.swift */,
				52B0731D2AE2A89100273C2E /* ShopTableViewCell.xib */,
				522A16D42AE509FB0009B0B1 /* NewButton.swift */,
				528217C02B10E5F0004249A3 /* ImageSlideshowView.swift */,
			);
			path = randestaurant;
			sourceTree = "<group>";
		};
		5269FDAA2AE250BD00E1DFCC /* randestaurantTests */ = {
			isa = PBXGroup;
			children = (
				5269FDAB2AE250BD00E1DFCC /* randestaurantTests.swift */,
			);
			path = randestaurantTests;
			sourceTree = "<group>";
		};
		5269FDB42AE250BD00E1DFCC /* randestaurantUITests */ = {
			isa = PBXGroup;
			children = (
				5269FDB52AE250BD00E1DFCC /* randestaurantUITests.swift */,
				5269FDB72AE250BD00E1DFCC /* randestaurantUITestsLaunchTests.swift */,
			);
			path = randestaurantUITests;
			sourceTree = "<group>";
		};
		5269FDC42AE25BFF00E1DFCC /* Frameworks */ = {
			isa = PBXGroup;
			children = (
				52FDC06A2B359C4100DF8CFA /* GoogleMapsCore.xcframework */,
				52FDC0672B359C3A00DF8CFA /* GoogleMapsBase.xcframework */,
				52FDC0642B359C3300DF8CFA /* GoogleMaps.xcframework */,
				52FDC0622B357A0400DF8CFA /* WebKit.framework */,
				52FDC0602B3579F300DF8CFA /* UserNotifications.framework */,
				52FDC05E2B3579D700DF8CFA /* Security.framework */,
				52FDC05C2B3579B000DF8CFA /* libxml2.tbd */,
				52FDC05A2B35798D00DF8CFA /* AVFoundation.framework */,
				52FDC0582B35798200DF8CFA /* AudioToolbox.framework */,
				52FDC0532B3578F200DF8CFA /* GoogleNavigation.xcframework */,
				5276D3062B0C49D800DD9FEC /* GooglePlaces.xcframework */,
				5276D3042B0C42E100DD9FEC /* UIKit.framework */,
				5276D3022B0C42D800DD9FEC /* SystemConfiguration.framework */,
				5276D3002B0C42D000DD9FEC /* QuartzCore.framework */,
				5276D2FE2B0C42C400DD9FEC /* OpenGLES.framework */,
				5276D2FC2B0C42BD00DD9FEC /* Metal.framework */,
				5276D2FA2B0C42B500DD9FEC /* libz.tbd */,
				5276D2F82B0C42AB00DD9FEC /* libc++.tbd */,
				5276D2F62B0C42A200DD9FEC /* ImageIO.framework */,
				5276D2F42B0C429A00DD9FEC /* GLKit.framework */,
				5276D2F22B0C429200DD9FEC /* CoreText.framework */,
				5276D2F02B0C428600DD9FEC /* CoreTelephony.framework */,
				5276D2EE2B0C427E00DD9FEC /* CoreLocation.framework */,
				5276D2EC2B0C426700DD9FEC /* CoreImage.framework */,
				5276D2EA2B0C425E00DD9FEC /* CoreGraphics.framework */,
				5276D2E82B0C425300DD9FEC /* CoreData.framework */,
				5276D2E62B0C424300DD9FEC /* Accelerate.framework */,
				5276D2DB2B0C401400DD9FEC /* GoogleMaps.xcframework */,
				5276D2DC2B0C401400DD9FEC /* GoogleMapsBase.xcframework */,
				5276D2DA2B0C401400DD9FEC /* GoogleMapsCore.xcframework */,
			);
			name = Frameworks;
			sourceTree = "<group>";
		};
		52B073272AE2CCA400273C2E /* LottieAnimation */ = {
			isa = PBXGroup;
			children = (
				52E2752F2AE549B60022C986 /* waiting_01.json */,
				522A16DA2AE52F3A0009B0B1 /* loading_01.json */,
				522A16D82AE52ECA0009B0B1 /* cafe.json */,
				522A16D62AE528BF0009B0B1 /* wallPaperAnimation.json */,
				52B073232AE2CB9600273C2E /* animation_01.json */,
				52B073252AE2CC9900273C2E /* food_01.json */,
			);
			path = LottieAnimation;
			sourceTree = "<group>";
		};
/* End PBXGroup section */

/* Begin PBXNativeTarget section */
		5269FD902AE250BB00E1DFCC /* randestaurant */ = {
			isa = PBXNativeTarget;
			buildConfigurationList = 5269FDBB2AE250BD00E1DFCC /* Build configuration list for PBXNativeTarget "randestaurant" */;
			buildPhases = (
				5269FD8D2AE250BB00E1DFCC /* Sources */,
				5269FD8E2AE250BB00E1DFCC /* Frameworks */,
				5269FD8F2AE250BB00E1DFCC /* Resources */,
				5276D3092B0C49D800DD9FEC /* Embed Frameworks */,
			);
			buildRules = (
			);
			dependencies = (
			);
			name = randestaurant;
			packageProductDependencies = (
				52B073212AE2C02500273C2E /* Lottie */,
			);
			productName = randestaurant;
			productReference = 5269FD912AE250BB00E1DFCC /* randestaurant.app */;
			productType = "com.apple.product-type.application";
		};
		5269FDA62AE250BD00E1DFCC /* randestaurantTests */ = {
			isa = PBXNativeTarget;
			buildConfigurationList = 5269FDBE2AE250BD00E1DFCC /* Build configuration list for PBXNativeTarget "randestaurantTests" */;
			buildPhases = (
				5269FDA32AE250BD00E1DFCC /* Sources */,
				5269FDA42AE250BD00E1DFCC /* Frameworks */,
				5269FDA52AE250BD00E1DFCC /* Resources */,
			);
			buildRules = (
			);
			dependencies = (
				5269FDA92AE250BD00E1DFCC /* PBXTargetDependency */,
			);
			name = randestaurantTests;
			productName = randestaurantTests;
			productReference = 5269FDA72AE250BD00E1DFCC /* randestaurantTests.xctest */;
			productType = "com.apple.product-type.bundle.unit-test";
		};
		5269FDB02AE250BD00E1DFCC /* randestaurantUITests */ = {
			isa = PBXNativeTarget;
			buildConfigurationList = 5269FDC12AE250BD00E1DFCC /* Build configuration list for PBXNativeTarget "randestaurantUITests" */;
			buildPhases = (
				5269FDAD2AE250BD00E1DFCC /* Sources */,
				5269FDAE2AE250BD00E1DFCC /* Frameworks */,
				5269FDAF2AE250BD00E1DFCC /* Resources */,
			);
			buildRules = (
			);
			dependencies = (
				5269FDB32AE250BD00E1DFCC /* PBXTargetDependency */,
			);
			name = randestaurantUITests;
			productName = randestaurantUITests;
			productReference = 5269FDB12AE250BD00E1DFCC /* randestaurantUITests.xctest */;
			productType = "com.apple.product-type.bundle.ui-testing";
		};
/* End PBXNativeTarget section */

/* Begin PBXProject section */
		5269FD892AE250BA00E1DFCC /* Project object */ = {
			isa = PBXProject;
			attributes = {
				BuildIndependentTargetsInParallel = 1;
				LastSwiftUpdateCheck = 1500;
				LastUpgradeCheck = 1500;
				TargetAttributes = {
					5269FD902AE250BB00E1DFCC = {
						CreatedOnToolsVersion = 15.0;
					};
					5269FDA62AE250BD00E1DFCC = {
						CreatedOnToolsVersion = 15.0;
						TestTargetID = 5269FD902AE250BB00E1DFCC;
					};
					5269FDB02AE250BD00E1DFCC = {
						CreatedOnToolsVersion = 15.0;
						TestTargetID = 5269FD902AE250BB00E1DFCC;
					};
				};
			};
			buildConfigurationList = 5269FD8C2AE250BB00E1DFCC /* Build configuration list for PBXProject "randestaurant" */;
			compatibilityVersion = "Xcode 14.0";
			developmentRegion = en;
			hasScannedForEncodings = 0;
			knownRegions = (
				en,
				Base,
			);
			mainGroup = 5269FD882AE250BA00E1DFCC;
			packageReferences = (
				52B073202AE2C02500273C2E /* XCRemoteSwiftPackageReference "lottie-spm" */,
			);
			productRefGroup = 5269FD922AE250BB00E1DFCC /* Products */;
			projectDirPath = "";
			projectRoot = "";
			targets = (
				5269FD902AE250BB00E1DFCC /* randestaurant */,
				5269FDA62AE250BD00E1DFCC /* randestaurantTests */,
				5269FDB02AE250BD00E1DFCC /* randestaurantUITests */,
			);
		};
/* End PBXProject section */

/* Begin PBXResourcesBuildPhase section */
		5269FD8F2AE250BB00E1DFCC /* Resources */ = {
			isa = PBXResourcesBuildPhase;
			buildActionMask = 2147483647;
			files = (
				522A16D92AE52ECA0009B0B1 /* cafe.json in Resources */,
				52E275302AE549B60022C986 /* waiting_01.json in Resources */,
				5269FDA12AE250BC00E1DFCC /* LaunchScreen.storyboard in Resources */,
				5276D30B2B0C49E900DD9FEC /* GooglePlaces.bundle in Resources */,
				5269FD9E2AE250BC00E1DFCC /* Assets.xcassets in Resources */,
				52FDC0572B35793E00DF8CFA /* GoogleNavigation.bundle in Resources */,
				52FDC06E2B359C6400DF8CFA /* GoogleMaps.bundle in Resources */,
				522A16DB2AE52F3A0009B0B1 /* loading_01.json in Resources */,
				52B073262AE2CC9900273C2E /* food_01.json in Resources */,
				5269FD9C2AE250BB00E1DFCC /* Main.storyboard in Resources */,
				522A16D72AE528BF0009B0B1 /* wallPaperAnimation.json in Resources */,
				52B0731F2AE2A89100273C2E /* ShopTableViewCell.xib in Resources */,
				52B073242AE2CB9600273C2E /* animation_01.json in Resources */,
			);
			runOnlyForDeploymentPostprocessing = 0;
		};
		5269FDA52AE250BD00E1DFCC /* Resources */ = {
			isa = PBXResourcesBuildPhase;
			buildActionMask = 2147483647;
			files = (
			);
			runOnlyForDeploymentPostprocessing = 0;
		};
		5269FDAF2AE250BD00E1DFCC /* Resources */ = {
			isa = PBXResourcesBuildPhase;
			buildActionMask = 2147483647;
			files = (
			);
			runOnlyForDeploymentPostprocessing = 0;
		};
/* End PBXResourcesBuildPhase section */

/* Begin PBXSourcesBuildPhase section */
		5269FD8D2AE250BB00E1DFCC /* Sources */ = {
			isa = PBXSourcesBuildPhase;
			buildActionMask = 2147483647;
			files = (
				5269FD992AE250BB00E1DFCC /* ViewController.swift in Sources */,
				528217C12B10E5F0004249A3 /* ImageSlideshowView.swift in Sources */,
				522A16D52AE509FB0009B0B1 /* NewButton.swift in Sources */,
				5269FD952AE250BB00E1DFCC /* AppDelegate.swift in Sources */,
				5269FD972AE250BB00E1DFCC /* SceneDelegate.swift in Sources */,
				52B0731E2AE2A89100273C2E /* ShopTableViewCell.swift in Sources */,
			);
			runOnlyForDeploymentPostprocessing = 0;
		};
		5269FDA32AE250BD00E1DFCC /* Sources */ = {
			isa = PBXSourcesBuildPhase;
			buildActionMask = 2147483647;
			files = (
				5269FDAC2AE250BD00E1DFCC /* randestaurantTests.swift in Sources */,
			);
			runOnlyForDeploymentPostprocessing = 0;
		};
		5269FDAD2AE250BD00E1DFCC /* Sources */ = {
			isa = PBXSourcesBuildPhase;
			buildActionMask = 2147483647;
			files = (
				5269FDB62AE250BD00E1DFCC /* randestaurantUITests.swift in Sources */,
				5269FDB82AE250BD00E1DFCC /* randestaurantUITestsLaunchTests.swift in Sources */,
			);
			runOnlyForDeploymentPostprocessing = 0;
		};
/* End PBXSourcesBuildPhase section */

/* Begin PBXTargetDependency section */
		5269FDA92AE250BD00E1DFCC /* PBXTargetDependency */ = {
			isa = PBXTargetDependency;
			target = 5269FD902AE250BB00E1DFCC /* randestaurant */;
			targetProxy = 5269FDA82AE250BD00E1DFCC /* PBXContainerItemProxy */;
		};
		5269FDB32AE250BD00E1DFCC /* PBXTargetDependency */ = {
			isa = PBXTargetDependency;
			target = 5269FD902AE250BB00E1DFCC /* randestaurant */;
			targetProxy = 5269FDB22AE250BD00E1DFCC /* PBXContainerItemProxy */;
		};
/* End PBXTargetDependency section */

/* Begin PBXVariantGroup section */
		5269FD9A2AE250BB00E1DFCC /* Main.storyboard */ = {
			isa = PBXVariantGroup;
			children = (
				5269FD9B2AE250BB00E1DFCC /* Base */,
			);
			name = Main.storyboard;
			sourceTree = "<group>";
		};
		5269FD9F2AE250BC00E1DFCC /* LaunchScreen.storyboard */ = {
			isa = PBXVariantGroup;
			children = (
				5269FDA02AE250BC00E1DFCC /* Base */,
			);
			name = LaunchScreen.storyboard;
			sourceTree = "<group>";
		};
/* End PBXVariantGroup section */

/* Begin XCBuildConfiguration section */
		5269FDB92AE250BD00E1DFCC /* Debug */ = {
			isa = XCBuildConfiguration;
			buildSettings = {
				ALWAYS_SEARCH_USER_PATHS = NO;
				ASSETCATALOG_COMPILER_GENERATE_SWIFT_ASSET_SYMBOL_EXTENSIONS = YES;
				CLANG_ANALYZER_NONNULL = YES;
				CLANG_ANALYZER_NUMBER_OBJECT_CONVERSION = YES_AGGRESSIVE;
				CLANG_CXX_LANGUAGE_STANDARD = "gnu++20";
				CLANG_ENABLE_MODULES = YES;
				CLANG_ENABLE_OBJC_ARC = YES;
				CLANG_ENABLE_OBJC_WEAK = YES;
				CLANG_WARN_BLOCK_CAPTURE_AUTORELEASING = YES;
				CLANG_WARN_BOOL_CONVERSION = YES;
				CLANG_WARN_COMMA = YES;
				CLANG_WARN_CONSTANT_CONVERSION = YES;
				CLANG_WARN_DEPRECATED_OBJC_IMPLEMENTATIONS = YES;
				CLANG_WARN_DIRECT_OBJC_ISA_USAGE = YES_ERROR;
				CLANG_WARN_DOCUMENTATION_COMMENTS = YES;
				CLANG_WARN_EMPTY_BODY = YES;
				CLANG_WARN_ENUM_CONVERSION = YES;
				CLANG_WARN_INFINITE_RECURSION = YES;
				CLANG_WARN_INT_CONVERSION = YES;
				CLANG_WARN_NON_LITERAL_NULL_CONVERSION = YES;
				CLANG_WARN_OBJC_IMPLICIT_RETAIN_SELF = YES;
				CLANG_WARN_OBJC_LITERAL_CONVERSION = YES;
				CLANG_WARN_OBJC_ROOT_CLASS = YES_ERROR;
				CLANG_WARN_QUOTED_INCLUDE_IN_FRAMEWORK_HEADER = YES;
				CLANG_WARN_RANGE_LOOP_ANALYSIS = YES;
				CLANG_WARN_STRICT_PROTOTYPES = YES;
				CLANG_WARN_SUSPICIOUS_MOVE = YES;
				CLANG_WARN_UNGUARDED_AVAILABILITY = YES_AGGRESSIVE;
				CLANG_WARN_UNREACHABLE_CODE = YES;
				CLANG_WARN__DUPLICATE_METHOD_MATCH = YES;
				COPY_PHASE_STRIP = NO;
				DEBUG_INFORMATION_FORMAT = dwarf;
				ENABLE_STRICT_OBJC_MSGSEND = YES;
				ENABLE_TESTABILITY = YES;
				ENABLE_USER_SCRIPT_SANDBOXING = YES;
				GCC_C_LANGUAGE_STANDARD = gnu17;
				GCC_DYNAMIC_NO_PIC = NO;
				GCC_NO_COMMON_BLOCKS = YES;
				GCC_OPTIMIZATION_LEVEL = 0;
				GCC_PREPROCESSOR_DEFINITIONS = (
					"DEBUG=1",
					"$(inherited)",
				);
				GCC_WARN_64_TO_32_BIT_CONVERSION = YES;
				GCC_WARN_ABOUT_RETURN_TYPE = YES_ERROR;
				GCC_WARN_UNDECLARED_SELECTOR = YES;
				GCC_WARN_UNINITIALIZED_AUTOS = YES_AGGRESSIVE;
				GCC_WARN_UNUSED_FUNCTION = YES;
				GCC_WARN_UNUSED_VARIABLE = YES;
				IPHONEOS_DEPLOYMENT_TARGET = 17.0;
				LOCALIZATION_PREFERS_STRING_CATALOGS = YES;
				MTL_ENABLE_DEBUG_INFO = INCLUDE_SOURCE;
				MTL_FAST_MATH = YES;
				ONLY_ACTIVE_ARCH = YES;
				"OTHER_LDFLAGS[arch=*]" = "-ObjC";
				SDKROOT = iphoneos;
				SWIFT_ACTIVE_COMPILATION_CONDITIONS = "DEBUG $(inherited)";
				SWIFT_OPTIMIZATION_LEVEL = "-Onone";
			};
			name = Debug;
		};
		5269FDBA2AE250BD00E1DFCC /* Release */ = {
			isa = XCBuildConfiguration;
			buildSettings = {
				ALWAYS_SEARCH_USER_PATHS = NO;
				ASSETCATALOG_COMPILER_GENERATE_SWIFT_ASSET_SYMBOL_EXTENSIONS = YES;
				CLANG_ANALYZER_NONNULL = YES;
				CLANG_ANALYZER_NUMBER_OBJECT_CONVERSION = YES_AGGRESSIVE;
				CLANG_CXX_LANGUAGE_STANDARD = "gnu++20";
				CLANG_ENABLE_MODULES = YES;
				CLANG_ENABLE_OBJC_ARC = YES;
				CLANG_ENABLE_OBJC_WEAK = YES;
				CLANG_WARN_BLOCK_CAPTURE_AUTORELEASING = YES;
				CLANG_WARN_BOOL_CONVERSION = YES;
				CLANG_WARN_COMMA = YES;
				CLANG_WARN_CONSTANT_CONVERSION = YES;
				CLANG_WARN_DEPRECATED_OBJC_IMPLEMENTATIONS = YES;
				CLANG_WARN_DIRECT_OBJC_ISA_USAGE = YES_ERROR;
				CLANG_WARN_DOCUMENTATION_COMMENTS = YES;
				CLANG_WARN_EMPTY_BODY = YES;
				CLANG_WARN_ENUM_CONVERSION = YES;
				CLANG_WARN_INFINITE_RECURSION = YES;
				CLANG_WARN_INT_CONVERSION = YES;
				CLANG_WARN_NON_LITERAL_NULL_CONVERSION = YES;
				CLANG_WARN_OBJC_IMPLICIT_RETAIN_SELF = YES;
				CLANG_WARN_OBJC_LITERAL_CONVERSION = YES;
				CLANG_WARN_OBJC_ROOT_CLASS = YES_ERROR;
				CLANG_WARN_QUOTED_INCLUDE_IN_FRAMEWORK_HEADER = YES;
				CLANG_WARN_RANGE_LOOP_ANALYSIS = YES;
				CLANG_WARN_STRICT_PROTOTYPES = YES;
				CLANG_WARN_SUSPICIOUS_MOVE = YES;
				CLANG_WARN_UNGUARDED_AVAILABILITY = YES_AGGRESSIVE;
				CLANG_WARN_UNREACHABLE_CODE = YES;
				CLANG_WARN__DUPLICATE_METHOD_MATCH = YES;
				COPY_PHASE_STRIP = NO;
				DEBUG_INFORMATION_FORMAT = "dwarf-with-dsym";
				ENABLE_NS_ASSERTIONS = NO;
				ENABLE_STRICT_OBJC_MSGSEND = YES;
				ENABLE_USER_SCRIPT_SANDBOXING = YES;
				GCC_C_LANGUAGE_STANDARD = gnu17;
				GCC_NO_COMMON_BLOCKS = YES;
				GCC_WARN_64_TO_32_BIT_CONVERSION = YES;
				GCC_WARN_ABOUT_RETURN_TYPE = YES_ERROR;
				GCC_WARN_UNDECLARED_SELECTOR = YES;
				GCC_WARN_UNINITIALIZED_AUTOS = YES_AGGRESSIVE;
				GCC_WARN_UNUSED_FUNCTION = YES;
				GCC_WARN_UNUSED_VARIABLE = YES;
				IPHONEOS_DEPLOYMENT_TARGET = 17.0;
				LOCALIZATION_PREFERS_STRING_CATALOGS = YES;
				MTL_ENABLE_DEBUG_INFO = NO;
				MTL_FAST_MATH = YES;
				"OTHER_LDFLAGS[arch=*]" = "-ObjC";
				SDKROOT = iphoneos;
				SWIFT_COMPILATION_MODE = wholemodule;
				VALIDATE_PRODUCT = YES;
			};
			name = Release;
		};
		5269FDBC2AE250BD00E1DFCC /* Debug */ = {
			isa = XCBuildConfiguration;
			buildSettings = {
				ASSETCATALOG_COMPILER_APPICON_NAME = AppIcon;
				ASSETCATALOG_COMPILER_GLOBAL_ACCENT_COLOR_NAME = AccentColor;
				CODE_SIGN_IDENTITY = "Apple Development";
				CODE_SIGN_STYLE = Automatic;
				CURRENT_PROJECT_VERSION = 1;
				DEVELOPMENT_TEAM = 5N3LXZY3U6;
				GENERATE_INFOPLIST_FILE = YES;
				INFOPLIST_FILE = randestaurant/Info.plist;
				INFOPLIST_KEY_CFBundleDisplayName = Randestaurant;
				INFOPLIST_KEY_LSApplicationCategoryType = "public.app-category.food-and-drink";
				INFOPLIST_KEY_NSLocationAlwaysUsageDescription = "We need you coordinate to find nearly restaurant!!!";
				INFOPLIST_KEY_NSLocationWhenInUseUsageDescription = "We need you coordinate to find nearly restaurant!!!";
				INFOPLIST_KEY_NSSpeechRecognitionUsageDescription = "";
				INFOPLIST_KEY_UIApplicationSupportsIndirectInputEvents = YES;
				INFOPLIST_KEY_UILaunchStoryboardName = LaunchScreen;
				INFOPLIST_KEY_UIMainStoryboardFile = Main;
				INFOPLIST_KEY_UISupportedInterfaceOrientations_iPad = "UIInterfaceOrientationPortrait UIInterfaceOrientationPortraitUpsideDown UIInterfaceOrientationLandscapeLeft UIInterfaceOrientationLandscapeRight";
				INFOPLIST_KEY_UISupportedInterfaceOrientations_iPhone = "UIInterfaceOrientationPortrait UIInterfaceOrientationLandscapeLeft UIInterfaceOrientationLandscapeRight";
				LD_RUNPATH_SEARCH_PATHS = (
					"$(inherited)",
					"@executable_path/Frameworks",
				);
				MARKETING_VERSION = 1.0;
				PRODUCT_BUNDLE_IDENTIFIER = com.ishi.randestaurant;
				PRODUCT_NAME = "$(TARGET_NAME)";
				PROVISIONING_PROFILE_SPECIFIER = "";
				SWIFT_EMIT_LOC_STRINGS = YES;
				SWIFT_VERSION = 5.0;
				TARGETED_DEVICE_FAMILY = "1,2";
			};
			name = Debug;
		};
		5269FDBD2AE250BD00E1DFCC /* Release */ = {
			isa = XCBuildConfiguration;
			buildSettings = {
				ASSETCATALOG_COMPILER_APPICON_NAME = AppIcon;
				ASSETCATALOG_COMPILER_GLOBAL_ACCENT_COLOR_NAME = AccentColor;
				CODE_SIGN_IDENTITY = "Apple Development";
				CODE_SIGN_STYLE = Automatic;
				CURRENT_PROJECT_VERSION = 1;
				DEVELOPMENT_TEAM = 5N3LXZY3U6;
				GENERATE_INFOPLIST_FILE = YES;
				INFOPLIST_FILE = randestaurant/Info.plist;
				INFOPLIST_KEY_CFBundleDisplayName = Randestaurant;
				INFOPLIST_KEY_LSApplicationCategoryType = "public.app-category.food-and-drink";
				INFOPLIST_KEY_NSLocationAlwaysUsageDescription = "We need you coordinate to find nearly restaurant!!!";
				INFOPLIST_KEY_NSLocationWhenInUseUsageDescription = "We need you coordinate to find nearly restaurant!!!";
				INFOPLIST_KEY_NSSpeechRecognitionUsageDescription = "";
				INFOPLIST_KEY_UIApplicationSupportsIndirectInputEvents = YES;
				INFOPLIST_KEY_UILaunchStoryboardName = LaunchScreen;
				INFOPLIST_KEY_UIMainStoryboardFile = Main;
				INFOPLIST_KEY_UISupportedInterfaceOrientations_iPad = "UIInterfaceOrientationPortrait UIInterfaceOrientationPortraitUpsideDown UIInterfaceOrientationLandscapeLeft UIInterfaceOrientationLandscapeRight";
				INFOPLIST_KEY_UISupportedInterfaceOrientations_iPhone = "UIInterfaceOrientationPortrait UIInterfaceOrientationLandscapeLeft UIInterfaceOrientationLandscapeRight";
				LD_RUNPATH_SEARCH_PATHS = (
					"$(inherited)",
					"@executable_path/Frameworks",
				);
				MARKETING_VERSION = 1.0;
				PRODUCT_BUNDLE_IDENTIFIER = com.ishi.randestaurant;
				PRODUCT_NAME = "$(TARGET_NAME)";
				PROVISIONING_PROFILE_SPECIFIER = "";
				SWIFT_EMIT_LOC_STRINGS = YES;
				SWIFT_VERSION = 5.0;
				TARGETED_DEVICE_FAMILY = "1,2";
			};
			name = Release;
		};
		5269FDBF2AE250BD00E1DFCC /* Debug */ = {
			isa = XCBuildConfiguration;
			buildSettings = {
				ALWAYS_EMBED_SWIFT_STANDARD_LIBRARIES = YES;
				BUNDLE_LOADER = "$(TEST_HOST)";
				CODE_SIGN_STYLE = Automatic;
				CURRENT_PROJECT_VERSION = 1;
				DEVELOPMENT_TEAM = 5N3LXZY3U6;
				GENERATE_INFOPLIST_FILE = YES;
				IPHONEOS_DEPLOYMENT_TARGET = 17.0;
				MARKETING_VERSION = 1.0;
				PRODUCT_BUNDLE_IDENTIFIER = com.hahaha.randestaurantTests;
				PRODUCT_NAME = "$(TARGET_NAME)";
				SWIFT_EMIT_LOC_STRINGS = NO;
				SWIFT_VERSION = 5.0;
				TARGETED_DEVICE_FAMILY = "1,2";
				TEST_HOST = "$(BUILT_PRODUCTS_DIR)/randestaurant.app/$(BUNDLE_EXECUTABLE_FOLDER_PATH)/randestaurant";
			};
			name = Debug;
		};
		5269FDC02AE250BD00E1DFCC /* Release */ = {
			isa = XCBuildConfiguration;
			buildSettings = {
				ALWAYS_EMBED_SWIFT_STANDARD_LIBRARIES = YES;
				BUNDLE_LOADER = "$(TEST_HOST)";
				CODE_SIGN_STYLE = Automatic;
				CURRENT_PROJECT_VERSION = 1;
				DEVELOPMENT_TEAM = 5N3LXZY3U6;
				GENERATE_INFOPLIST_FILE = YES;
				IPHONEOS_DEPLOYMENT_TARGET = 17.0;
				MARKETING_VERSION = 1.0;
				PRODUCT_BUNDLE_IDENTIFIER = com.hahaha.randestaurantTests;
				PRODUCT_NAME = "$(TARGET_NAME)";
				SWIFT_EMIT_LOC_STRINGS = NO;
				SWIFT_VERSION = 5.0;
				TARGETED_DEVICE_FAMILY = "1,2";
				TEST_HOST = "$(BUILT_PRODUCTS_DIR)/randestaurant.app/$(BUNDLE_EXECUTABLE_FOLDER_PATH)/randestaurant";
			};
			name = Release;
		};
		5269FDC22AE250BD00E1DFCC /* Debug */ = {
			isa = XCBuildConfiguration;
			buildSettings = {
				ALWAYS_EMBED_SWIFT_STANDARD_LIBRARIES = YES;
				CODE_SIGN_STYLE = Automatic;
				CURRENT_PROJECT_VERSION = 1;
				DEVELOPMENT_TEAM = 5N3LXZY3U6;
				GENERATE_INFOPLIST_FILE = YES;
				MARKETING_VERSION = 1.0;
				PRODUCT_BUNDLE_IDENTIFIER = com.hahaha.randestaurantUITests;
				PRODUCT_NAME = "$(TARGET_NAME)";
				SWIFT_EMIT_LOC_STRINGS = NO;
				SWIFT_VERSION = 5.0;
				TARGETED_DEVICE_FAMILY = "1,2";
				TEST_TARGET_NAME = randestaurant;
			};
			name = Debug;
		};
		5269FDC32AE250BD00E1DFCC /* Release */ = {
			isa = XCBuildConfiguration;
			buildSettings = {
				ALWAYS_EMBED_SWIFT_STANDARD_LIBRARIES = YES;
				CODE_SIGN_STYLE = Automatic;
				CURRENT_PROJECT_VERSION = 1;
				DEVELOPMENT_TEAM = 5N3LXZY3U6;
				GENERATE_INFOPLIST_FILE = YES;
				MARKETING_VERSION = 1.0;
				PRODUCT_BUNDLE_IDENTIFIER = com.hahaha.randestaurantUITests;
				PRODUCT_NAME = "$(TARGET_NAME)";
				SWIFT_EMIT_LOC_STRINGS = NO;
				SWIFT_VERSION = 5.0;
				TARGETED_DEVICE_FAMILY = "1,2";
				TEST_TARGET_NAME = randestaurant;
			};
			name = Release;
		};
/* End XCBuildConfiguration section */

/* Begin XCConfigurationList section */
		5269FD8C2AE250BB00E1DFCC /* Build configuration list for PBXProject "randestaurant" */ = {
			isa = XCConfigurationList;
			buildConfigurations = (
				5269FDB92AE250BD00E1DFCC /* Debug */,
				5269FDBA2AE250BD00E1DFCC /* Release */,
			);
			defaultConfigurationIsVisible = 0;
			defaultConfigurationName = Release;
		};
		5269FDBB2AE250BD00E1DFCC /* Build configuration list for PBXNativeTarget "randestaurant" */ = {
			isa = XCConfigurationList;
			buildConfigurations = (
				5269FDBC2AE250BD00E1DFCC /* Debug */,
				5269FDBD2AE250BD00E1DFCC /* Release */,
			);
			defaultConfigurationIsVisible = 0;
			defaultConfigurationName = Release;
		};
		5269FDBE2AE250BD00E1DFCC /* Build configuration list for PBXNativeTarget "randestaurantTests" */ = {
			isa = XCConfigurationList;
			buildConfigurations = (
				5269FDBF2AE250BD00E1DFCC /* Debug */,
				5269FDC02AE250BD00E1DFCC /* Release */,
			);
			defaultConfigurationIsVisible = 0;
			defaultConfigurationName = Release;
		};
		5269FDC12AE250BD00E1DFCC /* Build configuration list for PBXNativeTarget "randestaurantUITests" */ = {
			isa = XCConfigurationList;
			buildConfigurations = (
				5269FDC22AE250BD00E1DFCC /* Debug */,
				5269FDC32AE250BD00E1DFCC /* Release */,
			);
			defaultConfigurationIsVisible = 0;
			defaultConfigurationName = Release;
		};
/* End XCConfigurationList section */

/* Begin XCRemoteSwiftPackageReference section */
		52B073202AE2C02500273C2E /* XCRemoteSwiftPackageReference "lottie-spm" */ = {
			isa = XCRemoteSwiftPackageReference;
			repositoryURL = "https://github.com/airbnb/lottie-spm.git";
			requirement = {
				kind = upToNextMajorVersion;
				minimumVersion = 4.3.4;
			};
		};
/* End XCRemoteSwiftPackageReference section */

/* Begin XCSwiftPackageProductDependency section */
		52B073212AE2C02500273C2E /* Lottie */ = {
			isa = XCSwiftPackageProductDependency;
			package = 52B073202AE2C02500273C2E /* XCRemoteSwiftPackageReference "lottie-spm" */;
			productName = Lottie;
		};
/* End XCSwiftPackageProductDependency section */
	};
	rootObject = 5269FD892AE250BA00E1DFCC /* Project object */;
}
